// !$*UTF8*$!
{
	archiveVersion = 1;
	classes = {
	};
	objectVersion = 55;
	objects = {

/* Begin PBXBuildFile section */
		FE3692AF2869EF910079743E /* AppDelegate.swift in Sources */ = {isa = PBXBuildFile; fileRef = FE3692AE2869EF910079743E /* AppDelegate.swift */; };
		FE3692B12869EF910079743E /* SceneDelegate.swift in Sources */ = {isa = PBXBuildFile; fileRef = FE3692B02869EF910079743E /* SceneDelegate.swift */; };
		FE3692B32869EF910079743E /* ViewController.swift in Sources */ = {isa = PBXBuildFile; fileRef = FE3692B22869EF910079743E /* ViewController.swift */; };
		FE3692B82869EF920079743E /* Assets.xcassets in Resources */ = {isa = PBXBuildFile; fileRef = FE3692B72869EF920079743E /* Assets.xcassets */; };
		FE3692BB2869EF920079743E /* LaunchScreen.storyboard in Resources */ = {isa = PBXBuildFile; fileRef = FE3692B92869EF920079743E /* LaunchScreen.storyboard */; };
		FE3692C42869F0630079743E /* WDFont.swift in Sources */ = {isa = PBXBuildFile; fileRef = FE3692C32869F0630079743E /* WDFont.swift */; };
		FE3692CC2869F3510079743E /* NotoSansKR-Light.otf in Resources */ = {isa = PBXBuildFile; fileRef = FE3692C62869F3510079743E /* NotoSansKR-Light.otf */; };
		FE3692CD2869F3510079743E /* NotoSansKR-Black.otf in Resources */ = {isa = PBXBuildFile; fileRef = FE3692C72869F3510079743E /* NotoSansKR-Black.otf */; };
		FE3692CE2869F3510079743E /* NotoSansKR-Medium.otf in Resources */ = {isa = PBXBuildFile; fileRef = FE3692C82869F3510079743E /* NotoSansKR-Medium.otf */; };
		FE3692CF2869F3510079743E /* NotoSansKR-Regular.otf in Resources */ = {isa = PBXBuildFile; fileRef = FE3692C92869F3510079743E /* NotoSansKR-Regular.otf */; };
		FE3692D02869F3510079743E /* NotoSansKR-Bold.otf in Resources */ = {isa = PBXBuildFile; fileRef = FE3692CA2869F3510079743E /* NotoSansKR-Bold.otf */; };
		FE3692D12869F3510079743E /* NotoSansKR-Thin.otf in Resources */ = {isa = PBXBuildFile; fileRef = FE3692CB2869F3510079743E /* NotoSansKR-Thin.otf */; };
/* End PBXBuildFile section */

/* Begin PBXFileReference section */
		FE3692AB2869EF910079743E /* NotoSansFonts.app */ = {isa = PBXFileReference; explicitFileType = wrapper.application; includeInIndex = 0; path = NotoSansFonts.app; sourceTree = BUILT_PRODUCTS_DIR; };
		FE3692AE2869EF910079743E /* AppDelegate.swift */ = {isa = PBXFileReference; lastKnownFileType = sourcecode.swift; path = AppDelegate.swift; sourceTree = "<group>"; };
		FE3692B02869EF910079743E /* SceneDelegate.swift */ = {isa = PBXFileReference; lastKnownFileType = sourcecode.swift; path = SceneDelegate.swift; sourceTree = "<group>"; };
		FE3692B22869EF910079743E /* ViewController.swift */ = {isa = PBXFileReference; lastKnownFileType = sourcecode.swift; path = ViewController.swift; sourceTree = "<group>"; };
		FE3692B72869EF920079743E /* Assets.xcassets */ = {isa = PBXFileReference; lastKnownFileType = folder.assetcatalog; path = Assets.xcassets; sourceTree = "<group>"; };
		FE3692BA2869EF920079743E /* Base */ = {isa = PBXFileReference; lastKnownFileType = file.storyboard; name = Base; path = Base.lproj/LaunchScreen.storyboard; sourceTree = "<group>"; };
		FE3692BC2869EF920079743E /* Info.plist */ = {isa = PBXFileReference; lastKnownFileType = text.plist.xml; path = Info.plist; sourceTree = "<group>"; };
		FE3692C32869F0630079743E /* WDFont.swift */ = {isa = PBXFileReference; lastKnownFileType = sourcecode.swift; path = WDFont.swift; sourceTree = "<group>"; };
		FE3692C62869F3510079743E /* NotoSansKR-Light.otf */ = {isa = PBXFileReference; lastKnownFileType = file; path = "NotoSansKR-Light.otf"; sourceTree = "<group>"; };
		FE3692C72869F3510079743E /* NotoSansKR-Black.otf */ = {isa = PBXFileReference; lastKnownFileType = file; path = "NotoSansKR-Black.otf"; sourceTree = "<group>"; };
		FE3692C82869F3510079743E /* NotoSansKR-Medium.otf */ = {isa = PBXFileReference; lastKnownFileType = file; path = "NotoSansKR-Medium.otf"; sourceTree = "<group>"; };
		FE3692C92869F3510079743E /* NotoSansKR-Regular.otf */ = {isa = PBXFileReference; lastKnownFileType = file; path = "NotoSansKR-Regular.otf"; sourceTree = "<group>"; };
		FE3692CA2869F3510079743E /* NotoSansKR-Bold.otf */ = {isa = PBXFileReference; lastKnownFileType = file; path = "NotoSansKR-Bold.otf"; sourceTree = "<group>"; };
		FE3692CB2869F3510079743E /* NotoSansKR-Thin.otf */ = {isa = PBXFileReference; lastKnownFileType = file; path = "NotoSansKR-Thin.otf"; sourceTree = "<group>"; };
/* End PBXFileReference section */

/* Begin PBXFrameworksBuildPhase section */
		FE3692A82869EF910079743E /* Frameworks */ = {
			isa = PBXFrameworksBuildPhase;
			buildActionMask = 2147483647;
			files = (
			);
			runOnlyForDeploymentPostprocessing = 0;
		};
/* End PBXFrameworksBuildPhase section */

/* Begin PBXGroup section */
		FE3692A22869EF910079743E = {
			isa = PBXGroup;
			children = (
				FE3692AD2869EF910079743E /* NotoSansFonts */,
				FE3692AC2869EF910079743E /* Products */,
			);
			sourceTree = "<group>";
		};
		FE3692AC2869EF910079743E /* Products */ = {
			isa = PBXGroup;
			children = (
				FE3692AB2869EF910079743E /* NotoSansFonts.app */,
			);
			name = Products;
			sourceTree = "<group>";
		};
		FE3692AD2869EF910079743E /* NotoSansFonts */ = {
			isa = PBXGroup;
			children = (
				FE3692C52869F3420079743E /* Font */,
				FE3692C22869F0560079743E /* Util */,
				FE3692AE2869EF910079743E /* AppDelegate.swift */,
				FE3692B02869EF910079743E /* SceneDelegate.swift */,
				FE3692B22869EF910079743E /* ViewController.swift */,
				FE3692B72869EF920079743E /* Assets.xcassets */,
				FE3692B92869EF920079743E /* LaunchScreen.storyboard */,
				FE3692BC2869EF920079743E /* Info.plist */,
			);
			path = NotoSansFonts;
			sourceTree = "<group>";
		};
		FE3692C22869F0560079743E /* Util */ = {
			isa = PBXGroup;
			children = (
				FE3692C32869F0630079743E /* WDFont.swift */,
			);
			path = Util;
			sourceTree = "<group>";
		};
		FE3692C52869F3420079743E /* Font */ = {
			isa = PBXGroup;
			children = (
				FE3692C72869F3510079743E /* NotoSansKR-Black.otf */,
				FE3692CA2869F3510079743E /* NotoSansKR-Bold.otf */,
				FE3692C62869F3510079743E /* NotoSansKR-Light.otf */,
				FE3692C82869F3510079743E /* NotoSansKR-Medium.otf */,
				FE3692C92869F3510079743E /* NotoSansKR-Regular.otf */,
				FE3692CB2869F3510079743E /* NotoSansKR-Thin.otf */,
			);
			path = Font;
			sourceTree = "<group>";
		};
/* End PBXGroup section */

/* Begin PBXNativeTarget section */
		FE3692AA2869EF910079743E /* NotoSansFonts */ = {
			isa = PBXNativeTarget;
			buildConfigurationList = FE3692BF2869EF920079743E /* Build configuration list for PBXNativeTarget "NotoSansFonts" */;
			buildPhases = (
				FE3692A72869EF910079743E /* Sources */,
				FE3692A82869EF910079743E /* Frameworks */,
				FE3692A92869EF910079743E /* Resources */,
			);
			buildRules = (
			);
			dependencies = (
			);
			name = NotoSansFonts;
			productName = NotoSansFonts;
			productReference = FE3692AB2869EF910079743E /* NotoSansFonts.app */;
			productType = "com.apple.product-type.application";
		};
/* End PBXNativeTarget section */

/* Begin PBXProject section */
		FE3692A32869EF910079743E /* Project object */ = {
			isa = PBXProject;
			attributes = {
				BuildIndependentTargetsInParallel = 1;
				LastSwiftUpdateCheck = 1340;
				LastUpgradeCheck = 1340;
				TargetAttributes = {
					FE3692AA2869EF910079743E = {
						CreatedOnToolsVersion = 13.4.1;
					};
				};
			};
			buildConfigurationList = FE3692A62869EF910079743E /* Build configuration list for PBXProject "NotoSansFonts" */;
			compatibilityVersion = "Xcode 13.0";
			developmentRegion = en;
			hasScannedForEncodings = 0;
			knownRegions = (
				en,
				Base,
			);
			mainGroup = FE3692A22869EF910079743E;
			productRefGroup = FE3692AC2869EF910079743E /* Products */;
			projectDirPath = "";
			projectRoot = "";
			targets = (
				FE3692AA2869EF910079743E /* NotoSansFonts */,
			);
		};
/* End PBXProject section */

/* Begin PBXResourcesBuildPhase section */
		FE3692A92869EF910079743E /* Resources */ = {
			isa = PBXResourcesBuildPhase;
			buildActionMask = 2147483647;
			files = (
				FE3692CC2869F3510079743E /* NotoSansKR-Light.otf in Resources */,
				FE3692D02869F3510079743E /* NotoSansKR-Bold.otf in Resources */,
				FE3692BB2869EF920079743E /* LaunchScreen.storyboard in Resources */,
				FE3692CE2869F3510079743E /* NotoSansKR-Medium.otf in Resources */,
				FE3692D12869F3510079743E /* NotoSansKR-Thin.otf in Resources */,
				FE3692B82869EF920079743E /* Assets.xcassets in Resources */,
				FE3692CF2869F3510079743E /* NotoSansKR-Regular.otf in Resources */,
				FE3692CD2869F3510079743E /* NotoSansKR-Black.otf in Resources */,
			);
			runOnlyForDeploymentPostprocessing = 0;
		};
/* End PBXResourcesBuildPhase section */

/* Begin PBXSourcesBuildPhase section */
		FE3692A72869EF910079743E /* Sources */ = {
			isa = PBXSourcesBuildPhase;
			buildActionMask = 2147483647;
			files = (
				FE3692B32869EF910079743E /* ViewController.swift in Sources */,
				FE3692C42869F0630079743E /* WDFont.swift in Sources */,
				FE3692AF2869EF910079743E /* AppDelegate.swift in Sources */,
				FE3692B12869EF910079743E /* SceneDelegate.swift in Sources */,
			);
			runOnlyForDeploymentPostprocessing = 0;
		};
/* End PBXSourcesBuildPhase section */

/* Begin PBXVariantGroup section */
		FE3692B92869EF920079743E /* LaunchScreen.storyboard */ = {
			isa = PBXVariantGroup;
			children = (
				FE3692BA2869EF920079743E /* Base */,
			);
			name = LaunchScreen.storyboard;
			sourceTree = "<group>";
		};
/* End PBXVariantGroup section */

/* Begin XCBuildConfiguration section */
		FE3692BD2869EF920079743E /* Debug */ = {
			isa = XCBuildConfiguration;
			buildSettings = {
				ALWAYS_SEARCH_USER_PATHS = NO;
				CLANG_ANALYZER_NONNULL = YES;
				CLANG_ANALYZER_NUMBER_OBJECT_CONVERSION = YES_AGGRESSIVE;
				CLANG_CXX_LANGUAGE_STANDARD = "gnu++17";
				CLANG_ENABLE_MODULES = YES;
				CLANG_ENABLE_OBJC_ARC = YES;
				CLANG_ENABLE_OBJC_WEAK = YES;
				CLANG_WARN_BLOCK_CAPTURE_AUTORELEASING = YES;
				CLANG_WARN_BOOL_CONVERSION = YES;
				CLANG_WARN_COMMA = YES;
				CLANG_WARN_CONSTANT_CONVERSION = YES;
				CLANG_WARN_DEPRECATED_OBJC_IMPLEMENTATIONS = YES;
				CLANG_WARN_DIRECT_OBJC_ISA_USAGE = YES_ERROR;
				CLANG_WARN_DOCUMENTATION_COMMENTS = YES;
				CLANG_WARN_EMPTY_BODY = YES;
				CLANG_WARN_ENUM_CONVERSION = YES;
				CLANG_WARN_INFINITE_RECURSION = YES;
				CLANG_WARN_INT_CONVERSION = YES;
				CLANG_WARN_NON_LITERAL_NULL_CONVERSION = YES;
				CLANG_WARN_OBJC_IMPLICIT_RETAIN_SELF = YES;
				CLANG_WARN_OBJC_LITERAL_CONVERSION = YES;
				CLANG_WARN_OBJC_ROOT_CLASS = YES_ERROR;
				CLANG_WARN_QUOTED_INCLUDE_IN_FRAMEWORK_HEADER = YES;
				CLANG_WARN_RANGE_LOOP_ANALYSIS = YES;
				CLANG_WARN_STRICT_PROTOTYPES = YES;
				CLANG_WARN_SUSPICIOUS_MOVE = YES;
				CLANG_WARN_UNGUARDED_AVAILABILITY = YES_AGGRESSIVE;
				CLANG_WARN_UNREACHABLE_CODE = YES;
				CLANG_WARN__DUPLICATE_METHOD_MATCH = YES;
				COPY_PHASE_STRIP = NO;
				DEBUG_INFORMATION_FORMAT = dwarf;
				ENABLE_STRICT_OBJC_MSGSEND = YES;
				ENABLE_TESTABILITY = YES;
				GCC_C_LANGUAGE_STANDARD = gnu11;
				GCC_DYNAMIC_NO_PIC = NO;
				GCC_NO_COMMON_BLOCKS = YES;
				GCC_OPTIMIZATION_LEVEL = 0;
				GCC_PREPROCESSOR_DEFINITIONS = (
					"DEBUG=1",
					"$(inherited)",
				);
				GCC_WARN_64_TO_32_BIT_CONVERSION = YES;
				GCC_WARN_ABOUT_RETURN_TYPE = YES_ERROR;
				GCC_WARN_UNDECLARED_SELECTOR = YES;
				GCC_WARN_UNINITIALIZED_AUTOS = YES_AGGRESSIVE;
				GCC_WARN_UNUSED_FUNCTION = YES;
				GCC_WARN_UNUSED_VARIABLE = YES;
				IPHONEOS_DEPLOYMENT_TARGET = 15.5;
				MTL_ENABLE_DEBUG_INFO = INCLUDE_SOURCE;
				MTL_FAST_MATH = YES;
				ONLY_ACTIVE_ARCH = YES;
				SDKROOT = iphoneos;
				SWIFT_ACTIVE_COMPILATION_CONDITIONS = DEBUG;
				SWIFT_OPTIMIZATION_LEVEL = "-Onone";
			};
			name = Debug;
		};
		FE3692BE2869EF920079743E /* Release */ = {
			isa = XCBuildConfiguration;
			buildSettings = {
				ALWAYS_SEARCH_USER_PATHS = NO;
				CLANG_ANALYZER_NONNULL = YES;
				CLANG_ANALYZER_NUMBER_OBJECT_CONVERSION = YES_AGGRESSIVE;
				CLANG_CXX_LANGUAGE_STANDARD = "gnu++17";
				CLANG_ENABLE_MODULES = YES;
				CLANG_ENABLE_OBJC_ARC = YES;
				CLANG_ENABLE_OBJC_WEAK = YES;
				CLANG_WARN_BLOCK_CAPTURE_AUTORELEASING = YES;
				CLANG_WARN_BOOL_CONVERSION = YES;
				CLANG_WARN_COMMA = YES;
				CLANG_WARN_CONSTANT_CONVERSION = YES;
				CLANG_WARN_DEPRECATED_OBJC_IMPLEMENTATIONS = YES;
				CLANG_WARN_DIRECT_OBJC_ISA_USAGE = YES_ERROR;
				CLANG_WARN_DOCUMENTATION_COMMENTS = YES;
				CLANG_WARN_EMPTY_BODY = YES;
				CLANG_WARN_ENUM_CONVERSION = YES;
				CLANG_WARN_INFINITE_RECURSION = YES;
				CLANG_WARN_INT_CONVERSION = YES;
				CLANG_WARN_NON_LITERAL_NULL_CONVERSION = YES;
				CLANG_WARN_OBJC_IMPLICIT_RETAIN_SELF = YES;
				CLANG_WARN_OBJC_LITERAL_CONVERSION = YES;
				CLANG_WARN_OBJC_ROOT_CLASS = YES_ERROR;
				CLANG_WARN_QUOTED_INCLUDE_IN_FRAMEWORK_HEADER = YES;
				CLANG_WARN_RANGE_LOOP_ANALYSIS = YES;
				CLANG_WARN_STRICT_PROTOTYPES = YES;
				CLANG_WARN_SUSPICIOUS_MOVE = YES;
				CLANG_WARN_UNGUARDED_AVAILABILITY = YES_AGGRESSIVE;
				CLANG_WARN_UNREACHABLE_CODE = YES;
				CLANG_WARN__DUPLICATE_METHOD_MATCH = YES;
				COPY_PHASE_STRIP = NO;
				DEBUG_INFORMATION_FORMAT = "dwarf-with-dsym";
				ENABLE_NS_ASSERTIONS = NO;
				ENABLE_STRICT_OBJC_MSGSEND = YES;
				GCC_C_LANGUAGE_STANDARD = gnu11;
				GCC_NO_COMMON_BLOCKS = YES;
				GCC_WARN_64_TO_32_BIT_CONVERSION = YES;
				GCC_WARN_ABOUT_RETURN_TYPE = YES_ERROR;
				GCC_WARN_UNDECLARED_SELECTOR = YES;
				GCC_WARN_UNINITIALIZED_AUTOS = YES_AGGRESSIVE;
				GCC_WARN_UNUSED_FUNCTION = YES;
				GCC_WARN_UNUSED_VARIABLE = YES;
				IPHONEOS_DEPLOYMENT_TARGET = 15.5;
				MTL_ENABLE_DEBUG_INFO = NO;
				MTL_FAST_MATH = YES;
				SDKROOT = iphoneos;
				SWIFT_COMPILATION_MODE = wholemodule;
				SWIFT_OPTIMIZATION_LEVEL = "-O";
				VALIDATE_PRODUCT = YES;
			};
			name = Release;
		};
		FE3692C02869EF920079743E /* Debug */ = {
			isa = XCBuildConfiguration;
			buildSettings = {
				ASSETCATALOG_COMPILER_APPICON_NAME = AppIcon;
				ASSETCATALOG_COMPILER_GLOBAL_ACCENT_COLOR_NAME = AccentColor;
				CODE_SIGN_STYLE = Automatic;
				CURRENT_PROJECT_VERSION = 1;
				DEVELOPMENT_TEAM = BMBM6CH9KR;
				GENERATE_INFOPLIST_FILE = YES;
				INFOPLIST_FILE = NotoSansFonts/Info.plist;
				INFOPLIST_KEY_UIApplicationSupportsIndirectInputEvents = YES;
				INFOPLIST_KEY_UILaunchStoryboardName = LaunchScreen;
				INFOPLIST_KEY_UISupportedInterfaceOrientations_iPad = "UIInterfaceOrientationPortrait UIInterfaceOrientationPortraitUpsideDown UIInterfaceOrientationLandscapeLeft UIInterfaceOrientationLandscapeRight";
				INFOPLIST_KEY_UISupportedInterfaceOrientations_iPhone = "UIInterfaceOrientationPortrait UIInterfaceOrientationLandscapeLeft UIInterfaceOrientationLandscapeRight";
				LD_RUNPATH_SEARCH_PATHS = (
					"$(inherited)",
					"@executable_path/Frameworks",
				);
				MARKETING_VERSION = 1.0;
				PRODUCT_BUNDLE_IDENTIFIER = ilkyu.NotoSansFonts;
				PRODUCT_NAME = "$(TARGET_NAME)";
				SWIFT_EMIT_LOC_STRINGS = YES;
				SWIFT_VERSION = 5.0;
				TARGETED_DEVICE_FAMILY = "1,2";
			};
			name = Debug;
		};
		FE3692C12869EF920079743E /* Release */ = {
			isa = XCBuildConfiguration;
			buildSettings = {
				ASSETCATALOG_COMPILER_APPICON_NAME = AppIcon;
				ASSETCATALOG_COMPILER_GLOBAL_ACCENT_COLOR_NAME = AccentColor;
				CODE_SIGN_STYLE = Automatic;
				CURRENT_PROJECT_VERSION = 1;
				DEVELOPMENT_TEAM = BMBM6CH9KR;
				GENERATE_INFOPLIST_FILE = YES;
				INFOPLIST_FILE = NotoSansFonts/Info.plist;
				INFOPLIST_KEY_UIApplicationSupportsIndirectInputEvents = YES;
				INFOPLIST_KEY_UILaunchStoryboardName = LaunchScreen;
				INFOPLIST_KEY_UISupportedInterfaceOrientations_iPad = "UIInterfaceOrientationPortrait UIInterfaceOrientationPortraitUpsideDown UIInterfaceOrientationLandscapeLeft UIInterfaceOrientationLandscapeRight";
				INFOPLIST_KEY_UISupportedInterfaceOrientations_iPhone = "UIInterfaceOrientationPortrait UIInterfaceOrientationLandscapeLeft UIInterfaceOrientationLandscapeRight";
				LD_RUNPATH_SEARCH_PATHS = (
					"$(inherited)",
					"@executable_path/Frameworks",
				);
				MARKETING_VERSION = 1.0;
				PRODUCT_BUNDLE_IDENTIFIER = ilkyu.NotoSansFonts;
				PRODUCT_NAME = "$(TARGET_NAME)";
				SWIFT_EMIT_LOC_STRINGS = YES;
				SWIFT_VERSION = 5.0;
				TARGETED_DEVICE_FAMILY = "1,2";
			};
			name = Release;
		};
/* End XCBuildConfiguration section */

/* Begin XCConfigurationList section */
		FE3692A62869EF910079743E /* Build configuration list for PBXProject "NotoSansFonts" */ = {
			isa = XCConfigurationList;
			buildConfigurations = (
				FE3692BD2869EF920079743E /* Debug */,
				FE3692BE2869EF920079743E /* Release */,
			);
			defaultConfigurationIsVisible = 0;
			defaultConfigurationName = Release;
		};
		FE3692BF2869EF920079743E /* Build configuration list for PBXNativeTarget "NotoSansFonts" */ = {
			isa = XCConfigurationList;
			buildConfigurations = (
				FE3692C02869EF920079743E /* Debug */,
				FE3692C12869EF920079743E /* Release */,
			);
			defaultConfigurationIsVisible = 0;
			defaultConfigurationName = Release;
		};
/* End XCConfigurationList section */
	};
	rootObject = FE3692A32869EF910079743E /* Project object */;
}
